// !$*UTF8*$!
{
	archiveVersion = 1;
	classes = {
	};
	objectVersion = 46;
	objects = {

/* Begin PBXBuildFile section */
		0B009D761C0831AC003EE671 /* AppDelegate.swift in Sources */ = {isa = PBXBuildFile; fileRef = 0B009D751C0831AC003EE671 /* AppDelegate.swift */; };
		0B009D781C0831AC003EE671 /* ViewController.swift in Sources */ = {isa = PBXBuildFile; fileRef = 0B009D771C0831AC003EE671 /* ViewController.swift */; };
		0B009D7A1C0831AC003EE671 /* Assets.xcassets in Resources */ = {isa = PBXBuildFile; fileRef = 0B009D791C0831AC003EE671 /* Assets.xcassets */; };
		0B009D7D1C0831AC003EE671 /* Main.storyboard in Resources */ = {isa = PBXBuildFile; fileRef = 0B009D7B1C0831AC003EE671 /* Main.storyboard */; };
		0B31FCC11CF182E000D7B7E6 /* ListRowViewController.xib in Resources */ = {isa = PBXBuildFile; fileRef = 0B31FCC01CF182E000D7B7E6 /* ListRowViewController.xib */; };
		0BC37B7C1FE9AAF2009D0AEB /* Alamofire.framework in Frameworks */ = {isa = PBXBuildFile; fileRef = 0BC37B731FE9AA68009D0AEB /* Alamofire.framework */; };
		0BC37B7D1FE9AAF2009D0AEB /* Alamofire.framework in Embed Frameworks */ = {isa = PBXBuildFile; fileRef = 0BC37B731FE9AA68009D0AEB /* Alamofire.framework */; settings = {ATTRIBUTES = (CodeSignOnCopy, RemoveHeadersOnCopy, ); }; };
		0BEBDB201FE9B138006152C2 /* Alamofire.framework in Frameworks */ = {isa = PBXBuildFile; fileRef = 0BC37B6F1FE9AA68009D0AEB /* Alamofire.framework */; };
		0BEBDB221FE9B21B006152C2 /* SwiftyJSON.swift in Sources */ = {isa = PBXBuildFile; fileRef = 0BEBDB211FE9B21B006152C2 /* SwiftyJSON.swift */; };
		0BEBDB231FE9B21B006152C2 /* SwiftyJSON.swift in Sources */ = {isa = PBXBuildFile; fileRef = 0BEBDB211FE9B21B006152C2 /* SwiftyJSON.swift */; };
		0BFD1D881C0834EB00079AF8 /* NotificationCenter.framework in Frameworks */ = {isa = PBXBuildFile; fileRef = 0B009D8A1C0831CA003EE671 /* NotificationCenter.framework */; };
		0BFD1D8D1C0834EB00079AF8 /* TodayViewController.swift in Sources */ = {isa = PBXBuildFile; fileRef = 0BFD1D8C1C0834EB00079AF8 /* TodayViewController.swift */; };
		0BFD1D8F1C0834EB00079AF8 /* ListRowViewController.swift in Sources */ = {isa = PBXBuildFile; fileRef = 0BFD1D8E1C0834EB00079AF8 /* ListRowViewController.swift */; };
		0BFD1D991C0834EB00079AF8 /* InfoPlist.strings in Resources */ = {isa = PBXBuildFile; fileRef = 0BFD1D971C0834EB00079AF8 /* InfoPlist.strings */; };
		0BFD1DA11C0837C800079AF8 /* AirQuality.appex in Embed App Extensions */ = {isa = PBXBuildFile; fileRef = 0BFD1D871C0834EB00079AF8 /* AirQuality.appex */; settings = {ATTRIBUTES = (RemoveHeadersOnCopy, ); }; };
		0BFD1DC31C08384100079AF8 /* TodayViewController.xib in Resources */ = {isa = PBXBuildFile; fileRef = 0BFD1DC21C08384100079AF8 /* TodayViewController.xib */; };
		0BFD1E001C084D8D00079AF8 /* CoreLocation.framework in Frameworks */ = {isa = PBXBuildFile; fileRef = 0BFD1DFF1C084D8D00079AF8 /* CoreLocation.framework */; };
/* End PBXBuildFile section */

/* Begin PBXContainerItemProxy section */
		0BC37B6E1FE9AA68009D0AEB /* PBXContainerItemProxy */ = {
			isa = PBXContainerItemProxy;
			containerPortal = 0BC37B631FE9AA67009D0AEB /* Alamofire.xcodeproj */;
			proxyType = 2;
			remoteGlobalIDString = F8111E3319A95C8B0040E7D1;
			remoteInfo = "Alamofire iOS";
		};
		0BC37B701FE9AA68009D0AEB /* PBXContainerItemProxy */ = {
			isa = PBXContainerItemProxy;
			containerPortal = 0BC37B631FE9AA67009D0AEB /* Alamofire.xcodeproj */;
			proxyType = 2;
			remoteGlobalIDString = F8111E3E19A95C8B0040E7D1;
			remoteInfo = "Alamofire iOS Tests";
		};
		0BC37B721FE9AA68009D0AEB /* PBXContainerItemProxy */ = {
			isa = PBXContainerItemProxy;
			containerPortal = 0BC37B631FE9AA67009D0AEB /* Alamofire.xcodeproj */;
			proxyType = 2;
			remoteGlobalIDString = 4DD67C0B1A5C55C900ED2280;
			remoteInfo = "Alamofire macOS";
		};
		0BC37B741FE9AA68009D0AEB /* PBXContainerItemProxy */ = {
			isa = PBXContainerItemProxy;
			containerPortal = 0BC37B631FE9AA67009D0AEB /* Alamofire.xcodeproj */;
			proxyType = 2;
			remoteGlobalIDString = F829C6B21A7A94F100A2CD59;
			remoteInfo = "Alamofire macOS Tests";
		};
		0BC37B761FE9AA68009D0AEB /* PBXContainerItemProxy */ = {
			isa = PBXContainerItemProxy;
			containerPortal = 0BC37B631FE9AA67009D0AEB /* Alamofire.xcodeproj */;
			proxyType = 2;
			remoteGlobalIDString = 4CF626EF1BA7CB3E0011A099;
			remoteInfo = "Alamofire tvOS";
		};
		0BC37B781FE9AA68009D0AEB /* PBXContainerItemProxy */ = {
			isa = PBXContainerItemProxy;
			containerPortal = 0BC37B631FE9AA67009D0AEB /* Alamofire.xcodeproj */;
			proxyType = 2;
			remoteGlobalIDString = 4CF626F81BA7CB3E0011A099;
			remoteInfo = "Alamofire tvOS Tests";
		};
		0BC37B7A1FE9AA68009D0AEB /* PBXContainerItemProxy */ = {
			isa = PBXContainerItemProxy;
			containerPortal = 0BC37B631FE9AA67009D0AEB /* Alamofire.xcodeproj */;
			proxyType = 2;
			remoteGlobalIDString = E4202FE01B667AA100C997FB;
			remoteInfo = "Alamofire watchOS";
		};
		0BC37B7E1FE9AAF2009D0AEB /* PBXContainerItemProxy */ = {
			isa = PBXContainerItemProxy;
			containerPortal = 0BC37B631FE9AA67009D0AEB /* Alamofire.xcodeproj */;
			proxyType = 1;
			remoteGlobalIDString = 4DD67C0A1A5C55C900ED2280;
			remoteInfo = "Alamofire macOS";
		};
		0BFD1DA21C0837C800079AF8 /* PBXContainerItemProxy */ = {
			isa = PBXContainerItemProxy;
			containerPortal = 0B009D6A1C0831AC003EE671 /* Project object */;
			proxyType = 1;
			remoteGlobalIDString = 0BFD1D861C0834EB00079AF8;
			remoteInfo = AirQuality;
		};
/* End PBXContainerItemProxy section */

/* Begin PBXCopyFilesBuildPhase section */
		0BFD1DA41C0837C800079AF8 /* Embed App Extensions */ = {
			isa = PBXCopyFilesBuildPhase;
			buildActionMask = 2147483647;
			dstPath = "";
			dstSubfolderSpec = 13;
			files = (
				0BFD1DA11C0837C800079AF8 /* AirQuality.appex in Embed App Extensions */,
			);
			name = "Embed App Extensions";
			runOnlyForDeploymentPostprocessing = 0;
		};
		0BFD1DFD1C083B8400079AF8 /* Embed Frameworks */ = {
			isa = PBXCopyFilesBuildPhase;
			buildActionMask = 2147483647;
			dstPath = "";
			dstSubfolderSpec = 10;
			files = (
				0BC37B7D1FE9AAF2009D0AEB /* Alamofire.framework in Embed Frameworks */,
			);
			name = "Embed Frameworks";
			runOnlyForDeploymentPostprocessing = 0;
		};
/* End PBXCopyFilesBuildPhase section */

/* Begin PBXFileReference section */
		0B009D721C0831AC003EE671 /* ACQ.app */ = {isa = PBXFileReference; explicitFileType = wrapper.application; includeInIndex = 0; path = ACQ.app; sourceTree = BUILT_PRODUCTS_DIR; };
		0B009D751C0831AC003EE671 /* AppDelegate.swift */ = {isa = PBXFileReference; lastKnownFileType = sourcecode.swift; path = AppDelegate.swift; sourceTree = "<group>"; };
		0B009D771C0831AC003EE671 /* ViewController.swift */ = {isa = PBXFileReference; lastKnownFileType = sourcecode.swift; path = ViewController.swift; sourceTree = "<group>"; };
		0B009D791C0831AC003EE671 /* Assets.xcassets */ = {isa = PBXFileReference; lastKnownFileType = folder.assetcatalog; path = Assets.xcassets; sourceTree = "<group>"; };
		0B009D7C1C0831AC003EE671 /* Base */ = {isa = PBXFileReference; lastKnownFileType = file.storyboard; name = Base; path = Base.lproj/Main.storyboard; sourceTree = "<group>"; };
		0B009D7E1C0831AC003EE671 /* Info.plist */ = {isa = PBXFileReference; lastKnownFileType = text.plist.xml; path = Info.plist; sourceTree = "<group>"; };
		0B009D8A1C0831CA003EE671 /* NotificationCenter.framework */ = {isa = PBXFileReference; lastKnownFileType = wrapper.framework; name = NotificationCenter.framework; path = System/Library/Frameworks/NotificationCenter.framework; sourceTree = SDKROOT; };
		0B31FCC01CF182E000D7B7E6 /* ListRowViewController.xib */ = {isa = PBXFileReference; fileEncoding = 4; lastKnownFileType = file.xib; path = ListRowViewController.xib; sourceTree = "<group>"; };
		0BC37B631FE9AA67009D0AEB /* Alamofire.xcodeproj */ = {isa = PBXFileReference; lastKnownFileType = "wrapper.pb-project"; name = Alamofire.xcodeproj; path = Alamofire/Alamofire.xcodeproj; sourceTree = "<group>"; };
		0BEBDB211FE9B21B006152C2 /* SwiftyJSON.swift */ = {isa = PBXFileReference; fileEncoding = 4; lastKnownFileType = sourcecode.swift; name = SwiftyJSON.swift; path = SwiftyJSON/Source/SwiftyJSON.swift; sourceTree = "<group>"; };
		0BFD1D871C0834EB00079AF8 /* AirQuality.appex */ = {isa = PBXFileReference; explicitFileType = "wrapper.app-extension"; includeInIndex = 0; path = AirQuality.appex; sourceTree = BUILT_PRODUCTS_DIR; };
		0BFD1D8B1C0834EB00079AF8 /* AirQuality.entitlements */ = {isa = PBXFileReference; lastKnownFileType = text.xml; path = AirQuality.entitlements; sourceTree = "<group>"; };
		0BFD1D8C1C0834EB00079AF8 /* TodayViewController.swift */ = {isa = PBXFileReference; lastKnownFileType = sourcecode.swift; path = TodayViewController.swift; sourceTree = "<group>"; };
		0BFD1D8E1C0834EB00079AF8 /* ListRowViewController.swift */ = {isa = PBXFileReference; lastKnownFileType = sourcecode.swift; path = ListRowViewController.swift; sourceTree = "<group>"; };
		0BFD1D961C0834EB00079AF8 /* Info.plist */ = {isa = PBXFileReference; lastKnownFileType = text.plist.xml; path = Info.plist; sourceTree = "<group>"; };
		0BFD1D981C0834EB00079AF8 /* en */ = {isa = PBXFileReference; lastKnownFileType = text.plist.strings; name = en; path = en.lproj/InfoPlist.strings; sourceTree = "<group>"; };
		0BFD1DC21C08384100079AF8 /* TodayViewController.xib */ = {isa = PBXFileReference; fileEncoding = 4; lastKnownFileType = file.xib; path = TodayViewController.xib; sourceTree = "<group>"; };
		0BFD1DFF1C084D8D00079AF8 /* CoreLocation.framework */ = {isa = PBXFileReference; lastKnownFileType = wrapper.framework; name = CoreLocation.framework; path = System/Library/Frameworks/CoreLocation.framework; sourceTree = SDKROOT; };
/* End PBXFileReference section */

/* Begin PBXFrameworksBuildPhase section */
		0B009D6F1C0831AC003EE671 /* Frameworks */ = {
			isa = PBXFrameworksBuildPhase;
			buildActionMask = 2147483647;
			files = (
				0BC37B7C1FE9AAF2009D0AEB /* Alamofire.framework in Frameworks */,
			);
			runOnlyForDeploymentPostprocessing = 0;
		};
		0BFD1D841C0834EB00079AF8 /* Frameworks */ = {
			isa = PBXFrameworksBuildPhase;
			buildActionMask = 2147483647;
			files = (
				0BEBDB201FE9B138006152C2 /* Alamofire.framework in Frameworks */,
				0BFD1E001C084D8D00079AF8 /* CoreLocation.framework in Frameworks */,
				0BFD1D881C0834EB00079AF8 /* NotificationCenter.framework in Frameworks */,
			);
			runOnlyForDeploymentPostprocessing = 0;
		};
/* End PBXFrameworksBuildPhase section */

/* Begin PBXGroup section */
		0B009D691C0831AC003EE671 = {
			isa = PBXGroup;
			children = (
				0BEBDB211FE9B21B006152C2 /* SwiftyJSON.swift */,
				0BC37B631FE9AA67009D0AEB /* Alamofire.xcodeproj */,
				0B009D741C0831AC003EE671 /* ACQ */,
				0BFD1D891C0834EB00079AF8 /* AirQuality */,
				0B009D891C0831CA003EE671 /* Frameworks */,
				0B009D731C0831AC003EE671 /* Products */,
			);
			sourceTree = "<group>";
		};
		0B009D731C0831AC003EE671 /* Products */ = {
			isa = PBXGroup;
			children = (
				0B009D721C0831AC003EE671 /* ACQ.app */,
				0BFD1D871C0834EB00079AF8 /* AirQuality.appex */,
			);
			name = Products;
			sourceTree = "<group>";
		};
		0B009D741C0831AC003EE671 /* ACQ */ = {
			isa = PBXGroup;
			children = (
				0B009D751C0831AC003EE671 /* AppDelegate.swift */,
				0B009D771C0831AC003EE671 /* ViewController.swift */,
				0B009D791C0831AC003EE671 /* Assets.xcassets */,
				0B009D7B1C0831AC003EE671 /* Main.storyboard */,
				0B009D7E1C0831AC003EE671 /* Info.plist */,
			);
			path = ACQ;
			sourceTree = "<group>";
		};
		0B009D891C0831CA003EE671 /* Frameworks */ = {
			isa = PBXGroup;
			children = (
				0BFD1DFF1C084D8D00079AF8 /* CoreLocation.framework */,
				0B009D8A1C0831CA003EE671 /* NotificationCenter.framework */,
			);
			name = Frameworks;
			sourceTree = "<group>";
		};
		0BC37B641FE9AA67009D0AEB /* Products */ = {
			isa = PBXGroup;
			children = (
				0BC37B6F1FE9AA68009D0AEB /* Alamofire.framework */,
				0BC37B711FE9AA68009D0AEB /* Alamofire iOS Tests.xctest */,
				0BC37B731FE9AA68009D0AEB /* Alamofire.framework */,
				0BC37B751FE9AA68009D0AEB /* Alamofire macOS Tests.xctest */,
				0BC37B771FE9AA68009D0AEB /* Alamofire.framework */,
				0BC37B791FE9AA68009D0AEB /* Alamofire tvOS Tests.xctest */,
				0BC37B7B1FE9AA68009D0AEB /* Alamofire.framework */,
			);
			name = Products;
			sourceTree = "<group>";
		};
		0BFD1D891C0834EB00079AF8 /* AirQuality */ = {
			isa = PBXGroup;
			children = (
				0BFD1D8C1C0834EB00079AF8 /* TodayViewController.swift */,
				0BFD1DC21C08384100079AF8 /* TodayViewController.xib */,
				0BFD1D8E1C0834EB00079AF8 /* ListRowViewController.swift */,
				0B31FCC01CF182E000D7B7E6 /* ListRowViewController.xib */,
				0BFD1D961C0834EB00079AF8 /* Info.plist */,
				0BFD1D971C0834EB00079AF8 /* InfoPlist.strings */,
				0BFD1D8A1C0834EB00079AF8 /* Supporting Files */,
			);
			path = AirQuality;
			sourceTree = "<group>";
		};
		0BFD1D8A1C0834EB00079AF8 /* Supporting Files */ = {
			isa = PBXGroup;
			children = (
				0BFD1D8B1C0834EB00079AF8 /* AirQuality.entitlements */,
			);
			name = "Supporting Files";
			sourceTree = "<group>";
		};
/* End PBXGroup section */

/* Begin PBXNativeTarget section */
		0B009D711C0831AC003EE671 /* ACQ */ = {
			isa = PBXNativeTarget;
			buildConfigurationList = 0B009D811C0831AC003EE671 /* Build configuration list for PBXNativeTarget "ACQ" */;
			buildPhases = (
				0B009D6E1C0831AC003EE671 /* Sources */,
				0B009D6F1C0831AC003EE671 /* Frameworks */,
				0B009D701C0831AC003EE671 /* Resources */,
				0BFD1DA41C0837C800079AF8 /* Embed App Extensions */,
				0BFD1DFD1C083B8400079AF8 /* Embed Frameworks */,
			);
			buildRules = (
			);
			dependencies = (
				0BFD1DA31C0837C800079AF8 /* PBXTargetDependency */,
				0BC37B7F1FE9AAF2009D0AEB /* PBXTargetDependency */,
			);
			name = ACQ;
			productName = ACQ;
			productReference = 0B009D721C0831AC003EE671 /* ACQ.app */;
			productType = "com.apple.product-type.application";
		};
		0BFD1D861C0834EB00079AF8 /* AirQuality */ = {
			isa = PBXNativeTarget;
			buildConfigurationList = 0BFD1D9D1C0834EB00079AF8 /* Build configuration list for PBXNativeTarget "AirQuality" */;
			buildPhases = (
				0BFD1D831C0834EB00079AF8 /* Sources */,
				0BFD1D841C0834EB00079AF8 /* Frameworks */,
				0BFD1D851C0834EB00079AF8 /* Resources */,
			);
			buildRules = (
			);
			dependencies = (
			);
			name = AirQuality;
			productName = AirQuality;
			productReference = 0BFD1D871C0834EB00079AF8 /* AirQuality.appex */;
			productType = "com.apple.product-type.app-extension";
		};
/* End PBXNativeTarget section */

/* Begin PBXProject section */
		0B009D6A1C0831AC003EE671 /* Project object */ = {
			isa = PBXProject;
			attributes = {
				LastSwiftUpdateCheck = 0710;
				LastUpgradeCheck = 0920;
				ORGANIZATIONNAME = "Luke Kulik";
				TargetAttributes = {
					0B009D711C0831AC003EE671 = {
						CreatedOnToolsVersion = 7.1.1;
						LastSwiftMigration = 0830;
					};
					0BFD1D861C0834EB00079AF8 = {
						CreatedOnToolsVersion = 7.1.1;
						LastSwiftMigration = 0830;
					};
				};
			};
			buildConfigurationList = 0B009D6D1C0831AC003EE671 /* Build configuration list for PBXProject "ACQ" */;
			compatibilityVersion = "Xcode 3.2";
			developmentRegion = English;
			hasScannedForEncodings = 0;
			knownRegions = (
				en,
				Base,
			);
			mainGroup = 0B009D691C0831AC003EE671;
			productRefGroup = 0B009D731C0831AC003EE671 /* Products */;
			projectDirPath = "";
			projectReferences = (
				{
					ProductGroup = 0BC37B641FE9AA67009D0AEB /* Products */;
					ProjectRef = 0BC37B631FE9AA67009D0AEB /* Alamofire.xcodeproj */;
				},
			);
			projectRoot = "";
			targets = (
				0B009D711C0831AC003EE671 /* ACQ */,
				0BFD1D861C0834EB00079AF8 /* AirQuality */,
			);
		};
/* End PBXProject section */

/* Begin PBXReferenceProxy section */
		0BC37B6F1FE9AA68009D0AEB /* Alamofire.framework */ = {
			isa = PBXReferenceProxy;
			fileType = wrapper.framework;
			path = Alamofire.framework;
			remoteRef = 0BC37B6E1FE9AA68009D0AEB /* PBXContainerItemProxy */;
			sourceTree = BUILT_PRODUCTS_DIR;
		};
		0BC37B711FE9AA68009D0AEB /* Alamofire iOS Tests.xctest */ = {
			isa = PBXReferenceProxy;
			fileType = wrapper.cfbundle;
			path = "Alamofire iOS Tests.xctest";
			remoteRef = 0BC37B701FE9AA68009D0AEB /* PBXContainerItemProxy */;
			sourceTree = BUILT_PRODUCTS_DIR;
		};
		0BC37B731FE9AA68009D0AEB /* Alamofire.framework */ = {
			isa = PBXReferenceProxy;
			fileType = wrapper.framework;
			path = Alamofire.framework;
			remoteRef = 0BC37B721FE9AA68009D0AEB /* PBXContainerItemProxy */;
			sourceTree = BUILT_PRODUCTS_DIR;
		};
		0BC37B751FE9AA68009D0AEB /* Alamofire macOS Tests.xctest */ = {
			isa = PBXReferenceProxy;
			fileType = wrapper.cfbundle;
			path = "Alamofire macOS Tests.xctest";
			remoteRef = 0BC37B741FE9AA68009D0AEB /* PBXContainerItemProxy */;
			sourceTree = BUILT_PRODUCTS_DIR;
		};
		0BC37B771FE9AA68009D0AEB /* Alamofire.framework */ = {
			isa = PBXReferenceProxy;
			fileType = wrapper.framework;
			path = Alamofire.framework;
			remoteRef = 0BC37B761FE9AA68009D0AEB /* PBXContainerItemProxy */;
			sourceTree = BUILT_PRODUCTS_DIR;
		};
		0BC37B791FE9AA68009D0AEB /* Alamofire tvOS Tests.xctest */ = {
			isa = PBXReferenceProxy;
			fileType = wrapper.cfbundle;
			path = "Alamofire tvOS Tests.xctest";
			remoteRef = 0BC37B781FE9AA68009D0AEB /* PBXContainerItemProxy */;
			sourceTree = BUILT_PRODUCTS_DIR;
		};
		0BC37B7B1FE9AA68009D0AEB /* Alamofire.framework */ = {
			isa = PBXReferenceProxy;
			fileType = wrapper.framework;
			path = Alamofire.framework;
			remoteRef = 0BC37B7A1FE9AA68009D0AEB /* PBXContainerItemProxy */;
			sourceTree = BUILT_PRODUCTS_DIR;
		};
/* End PBXReferenceProxy section */

/* Begin PBXResourcesBuildPhase section */
		0B009D701C0831AC003EE671 /* Resources */ = {
			isa = PBXResourcesBuildPhase;
			buildActionMask = 2147483647;
			files = (
				0B009D7A1C0831AC003EE671 /* Assets.xcassets in Resources */,
				0B009D7D1C0831AC003EE671 /* Main.storyboard in Resources */,
			);
			runOnlyForDeploymentPostprocessing = 0;
		};
		0BFD1D851C0834EB00079AF8 /* Resources */ = {
			isa = PBXResourcesBuildPhase;
			buildActionMask = 2147483647;
			files = (
				0B31FCC11CF182E000D7B7E6 /* ListRowViewController.xib in Resources */,
				0BFD1DC31C08384100079AF8 /* TodayViewController.xib in Resources */,
				0BFD1D991C0834EB00079AF8 /* InfoPlist.strings in Resources */,
			);
			runOnlyForDeploymentPostprocessing = 0;
		};
/* End PBXResourcesBuildPhase section */

/* Begin PBXSourcesBuildPhase section */
		0B009D6E1C0831AC003EE671 /* Sources */ = {
			isa = PBXSourcesBuildPhase;
			buildActionMask = 2147483647;
			files = (
				0BEBDB221FE9B21B006152C2 /* SwiftyJSON.swift in Sources */,
				0B009D781C0831AC003EE671 /* ViewController.swift in Sources */,
				0B009D761C0831AC003EE671 /* AppDelegate.swift in Sources */,
			);
			runOnlyForDeploymentPostprocessing = 0;
		};
		0BFD1D831C0834EB00079AF8 /* Sources */ = {
			isa = PBXSourcesBuildPhase;
			buildActionMask = 2147483647;
			files = (
				0BEBDB231FE9B21B006152C2 /* SwiftyJSON.swift in Sources */,
				0BFD1D8D1C0834EB00079AF8 /* TodayViewController.swift in Sources */,
				0BFD1D8F1C0834EB00079AF8 /* ListRowViewController.swift in Sources */,
			);
			runOnlyForDeploymentPostprocessing = 0;
		};
/* End PBXSourcesBuildPhase section */

/* Begin PBXTargetDependency section */
		0BC37B7F1FE9AAF2009D0AEB /* PBXTargetDependency */ = {
			isa = PBXTargetDependency;
			name = "Alamofire macOS";
			targetProxy = 0BC37B7E1FE9AAF2009D0AEB /* PBXContainerItemProxy */;
		};
		0BFD1DA31C0837C800079AF8 /* PBXTargetDependency */ = {
			isa = PBXTargetDependency;
			target = 0BFD1D861C0834EB00079AF8 /* AirQuality */;
			targetProxy = 0BFD1DA21C0837C800079AF8 /* PBXContainerItemProxy */;
		};
/* End PBXTargetDependency section */

/* Begin PBXVariantGroup section */
		0B009D7B1C0831AC003EE671 /* Main.storyboard */ = {
			isa = PBXVariantGroup;
			children = (
				0B009D7C1C0831AC003EE671 /* Base */,
			);
			name = Main.storyboard;
			sourceTree = "<group>";
		};
		0BFD1D971C0834EB00079AF8 /* InfoPlist.strings */ = {
			isa = PBXVariantGroup;
			children = (
				0BFD1D981C0834EB00079AF8 /* en */,
			);
			name = InfoPlist.strings;
			sourceTree = "<group>";
		};
/* End PBXVariantGroup section */

/* Begin XCBuildConfiguration section */
		0B009D7F1C0831AC003EE671 /* Debug */ = {
			isa = XCBuildConfiguration;
			buildSettings = {
				ALWAYS_SEARCH_USER_PATHS = NO;
				CLANG_CXX_LANGUAGE_STANDARD = "gnu++0x";
				CLANG_CXX_LIBRARY = "libc++";
				CLANG_ENABLE_MODULES = YES;
				CLANG_ENABLE_OBJC_ARC = YES;
				CLANG_WARN_BLOCK_CAPTURE_AUTORELEASING = YES;
				CLANG_WARN_BOOL_CONVERSION = YES;
				CLANG_WARN_COMMA = YES;
				CLANG_WARN_CONSTANT_CONVERSION = YES;
				CLANG_WARN_DIRECT_OBJC_ISA_USAGE = YES_ERROR;
				CLANG_WARN_EMPTY_BODY = YES;
				CLANG_WARN_ENUM_CONVERSION = YES;
				CLANG_WARN_INFINITE_RECURSION = YES;
				CLANG_WARN_INT_CONVERSION = YES;
				CLANG_WARN_NON_LITERAL_NULL_CONVERSION = YES;
				CLANG_WARN_OBJC_LITERAL_CONVERSION = YES;
				CLANG_WARN_OBJC_ROOT_CLASS = YES_ERROR;
				CLANG_WARN_RANGE_LOOP_ANALYSIS = YES;
				CLANG_WARN_STRICT_PROTOTYPES = YES;
				CLANG_WARN_SUSPICIOUS_MOVE = YES;
				CLANG_WARN_UNREACHABLE_CODE = YES;
				CLANG_WARN__DUPLICATE_METHOD_MATCH = YES;
				CODE_SIGN_IDENTITY = "-";
				COPY_PHASE_STRIP = NO;
				DEBUG_INFORMATION_FORMAT = dwarf;
				ENABLE_STRICT_OBJC_MSGSEND = YES;
				ENABLE_TESTABILITY = YES;
				GCC_C_LANGUAGE_STANDARD = gnu99;
				GCC_DYNAMIC_NO_PIC = NO;
				GCC_NO_COMMON_BLOCKS = YES;
				GCC_OPTIMIZATION_LEVEL = 0;
				GCC_PREPROCESSOR_DEFINITIONS = (
					"DEBUG=1",
					"$(inherited)",
				);
				GCC_WARN_64_TO_32_BIT_CONVERSION = YES;
				GCC_WARN_ABOUT_RETURN_TYPE = YES_ERROR;
				GCC_WARN_UNDECLARED_SELECTOR = YES;
				GCC_WARN_UNINITIALIZED_AUTOS = YES_AGGRESSIVE;
				GCC_WARN_UNUSED_FUNCTION = YES;
				GCC_WARN_UNUSED_VARIABLE = YES;
				MACOSX_DEPLOYMENT_TARGET = 10.12;
				MTL_ENABLE_DEBUG_INFO = YES;
				ONLY_ACTIVE_ARCH = YES;
				SDKROOT = macosx;
				SWIFT_OPTIMIZATION_LEVEL = "-Onone";
				SWIFT_VERSION = 3.0;
			};
			name = Debug;
		};
		0B009D801C0831AC003EE671 /* Release */ = {
			isa = XCBuildConfiguration;
			buildSettings = {
				ALWAYS_SEARCH_USER_PATHS = NO;
				CLANG_CXX_LANGUAGE_STANDARD = "gnu++0x";
				CLANG_CXX_LIBRARY = "libc++";
				CLANG_ENABLE_MODULES = YES;
				CLANG_ENABLE_OBJC_ARC = YES;
				CLANG_WARN_BLOCK_CAPTURE_AUTORELEASING = YES;
				CLANG_WARN_BOOL_CONVERSION = YES;
				CLANG_WARN_COMMA = YES;
				CLANG_WARN_CONSTANT_CONVERSION = YES;
				CLANG_WARN_DIRECT_OBJC_ISA_USAGE = YES_ERROR;
				CLANG_WARN_EMPTY_BODY = YES;
				CLANG_WARN_ENUM_CONVERSION = YES;
				CLANG_WARN_INFINITE_RECURSION = YES;
				CLANG_WARN_INT_CONVERSION = YES;
				CLANG_WARN_NON_LITERAL_NULL_CONVERSION = YES;
				CLANG_WARN_OBJC_LITERAL_CONVERSION = YES;
				CLANG_WARN_OBJC_ROOT_CLASS = YES_ERROR;
				CLANG_WARN_RANGE_LOOP_ANALYSIS = YES;
				CLANG_WARN_STRICT_PROTOTYPES = YES;
				CLANG_WARN_SUSPICIOUS_MOVE = YES;
				CLANG_WARN_UNREACHABLE_CODE = YES;
				CLANG_WARN__DUPLICATE_METHOD_MATCH = YES;
				CODE_SIGN_IDENTITY = "-";
				COPY_PHASE_STRIP = NO;
				DEBUG_INFORMATION_FORMAT = "dwarf-with-dsym";
				ENABLE_NS_ASSERTIONS = NO;
				ENABLE_STRICT_OBJC_MSGSEND = YES;
				GCC_C_LANGUAGE_STANDARD = gnu99;
				GCC_NO_COMMON_BLOCKS = YES;
				GCC_WARN_64_TO_32_BIT_CONVERSION = YES;
				GCC_WARN_ABOUT_RETURN_TYPE = YES_ERROR;
				GCC_WARN_UNDECLARED_SELECTOR = YES;
				GCC_WARN_UNINITIALIZED_AUTOS = YES_AGGRESSIVE;
				GCC_WARN_UNUSED_FUNCTION = YES;
				GCC_WARN_UNUSED_VARIABLE = YES;
				MACOSX_DEPLOYMENT_TARGET = 10.12;
				MTL_ENABLE_DEBUG_INFO = NO;
				SDKROOT = macosx;
				SWIFT_OPTIMIZATION_LEVEL = "-Owholemodule";
				SWIFT_VERSION = 3.0;
			};
			name = Release;
		};
		0B009D821C0831AC003EE671 /* Debug */ = {
			isa = XCBuildConfiguration;
			buildSettings = {
				ALWAYS_EMBED_SWIFT_STANDARD_LIBRARIES = YES;
				ASSETCATALOG_COMPILER_APPICON_NAME = AppIcon;
				COMBINE_HIDPI_IMAGES = YES;
				INFOPLIST_FILE = ACQ/Info.plist;
				LD_RUNPATH_SEARCH_PATHS = "$(inherited) @executable_path/../Frameworks";
				MACOSX_DEPLOYMENT_TARGET = 10.12;
				PRODUCT_BUNDLE_IDENTIFIER = KulikEnterprises.ACQ;
				PRODUCT_NAME = "$(TARGET_NAME)";
				SWIFT_VERSION = 3.0;
			};
			name = Debug;
		};
		0B009D831C0831AC003EE671 /* Release */ = {
			isa = XCBuildConfiguration;
			buildSettings = {
				ALWAYS_EMBED_SWIFT_STANDARD_LIBRARIES = YES;
				ASSETCATALOG_COMPILER_APPICON_NAME = AppIcon;
				COMBINE_HIDPI_IMAGES = YES;
				INFOPLIST_FILE = ACQ/Info.plist;
				LD_RUNPATH_SEARCH_PATHS = "$(inherited) @executable_path/../Frameworks";
				MACOSX_DEPLOYMENT_TARGET = 10.12;
				PRODUCT_BUNDLE_IDENTIFIER = KulikEnterprises.ACQ;
				PRODUCT_NAME = "$(TARGET_NAME)";
				SWIFT_VERSION = 3.0;
			};
			name = Release;
		};
		0BFD1D9E1C0834EB00079AF8 /* Debug */ = {
			isa = XCBuildConfiguration;
			buildSettings = {
				ALWAYS_EMBED_SWIFT_STANDARD_LIBRARIES = YES;
				CODE_SIGN_ENTITLEMENTS = AirQuality/AirQuality.entitlements;
				COMBINE_HIDPI_IMAGES = YES;
				INFOPLIST_FILE = AirQuality/Info.plist;
				LD_RUNPATH_SEARCH_PATHS = "$(inherited) @executable_path/../Frameworks @executable_path/../../../../Frameworks";
				MACOSX_DEPLOYMENT_TARGET = 10.12;
				PRODUCT_BUNDLE_IDENTIFIER = KulikEnterprises.ACQ.AirQuality;
				PRODUCT_NAME = "$(TARGET_NAME)";
				SKIP_INSTALL = YES;
				SWIFT_VERSION = 3.0;
			};
			name = Debug;
		};
		0BFD1D9F1C0834EB00079AF8 /* Release */ = {
			isa = XCBuildConfiguration;
			buildSettings = {
				ALWAYS_EMBED_SWIFT_STANDARD_LIBRARIES = YES;
				CODE_SIGN_ENTITLEMENTS = AirQuality/AirQuality.entitlements;
				COMBINE_HIDPI_IMAGES = YES;
				INFOPLIST_FILE = AirQuality/Info.plist;
				LD_RUNPATH_SEARCH_PATHS = "$(inherited) @executable_path/../Frameworks @executable_path/../../../../Frameworks";
				MACOSX_DEPLOYMENT_TARGET = 10.12;
				PRODUCT_BUNDLE_IDENTIFIER = KulikEnterprises.ACQ.AirQuality;
				PRODUCT_NAME = "$(TARGET_NAME)";
				SKIP_INSTALL = YES;
				SWIFT_VERSION = 3.0;
			};
			name = Release;
		};
/* End XCBuildConfiguration section */

/* Begin XCConfigurationList section */
		0B009D6D1C0831AC003EE671 /* Build configuration list for PBXProject "ACQ" */ = {
			isa = XCConfigurationList;
			buildConfigurations = (
				0B009D7F1C0831AC003EE671 /* Debug */,
				0B009D801C0831AC003EE671 /* Release */,
			);
			defaultConfigurationIsVisible = 0;
			defaultConfigurationName = Release;
		};
		0B009D811C0831AC003EE671 /* Build configuration list for PBXNativeTarget "ACQ" */ = {
			isa = XCConfigurationList;
			buildConfigurations = (
				0B009D821C0831AC003EE671 /* Debug */,
				0B009D831C0831AC003EE671 /* Release */,
			);
			defaultConfigurationIsVisible = 0;
			defaultConfigurationName = Release;
		};
		0BFD1D9D1C0834EB00079AF8 /* Build configuration list for PBXNativeTarget "AirQuality" */ = {
			isa = XCConfigurationList;
			buildConfigurations = (
				0BFD1D9E1C0834EB00079AF8 /* Debug */,
				0BFD1D9F1C0834EB00079AF8 /* Release */,
			);
			defaultConfigurationIsVisible = 0;
			defaultConfigurationName = Release;
		};
/* End XCConfigurationList section */
	};
	rootObject = 0B009D6A1C0831AC003EE671 /* Project object */;
}
